
Microsoft Visual Studio Solution File, Format Version 12.00
# Visual Studio Version 17
VisualStudioVersion = 17.10.34928.147
MinimumVisualStudioVersion = 10.0.40219.1
Project("{FAE04EC0-301F-11D3-BF4B-00C04F79EFBC}") = "proyectoEVALUACION2_RodrigoHeriberto", "proyectoEVALUACION2_RodrigoHeriberto\proyectoEVALUACION2_RodrigoHeriberto.csproj", "{9FC6C310-8BFA-4442-BEBC-36FEE353D08A}"
EndProject
Global
	GlobalSection(SolutionConfigurationPlatforms) = preSolution
		Debug|Any CPU = Debug|Any CPU
		Release|Any CPU = Release|Any CPU
	EndGlobalSection
	GlobalSection(ProjectConfigurationPlatforms) = postSolution
		{9FC6C310-8BFA-4442-BEBC-36FEE353D08A}.Debug|Any CPU.ActiveCfg = Debug|Any CPU
		{9FC6C310-8BFA-4442-BEBC-36FEE353D08A}.Debug|Any CPU.Build.0 = Debug|Any CPU
		{9FC6C310-8BFA-4442-BEBC-36FEE353D08A}.Release|Any CPU.ActiveCfg = Release|Any CPU
		{9FC6C310-8BFA-4442-BEBC-36FEE353D08A}.Release|Any CPU.Build.0 = Release|Any CPU
	EndGlobalSection
	GlobalSection(SolutionProperties) = preSolution
		HideSolutionNode = FALSE
	EndGlobalSection
	GlobalSection(ExtensibilityGlobals) = postSolution
		SolutionGuid = {57F96A58-951C-4AC0-98E9-920BB2A6E014}
	EndGlobalSection
EndGlobal
