
Microsoft Visual Studio Solution File, Format Version 12.00
# Visual Studio Version 17
VisualStudioVersion = 17.10.34928.147
MinimumVisualStudioVersion = 10.0.40219.1
Project("{FAE04EC0-301F-11D3-BF4B-00C04F79EFBC}") = "Ejercicio2.1Coche", "Ejercicio2.1Coche\Ejercicio2.1Coche.csproj", "{13E248A0-2CE9-435C-9A76-53EDD6C169C7}"
EndProject
Global
	GlobalSection(SolutionConfigurationPlatforms) = preSolution
		Debug|Any CPU = Debug|Any CPU
		Release|Any CPU = Release|Any CPU
	EndGlobalSection
	GlobalSection(ProjectConfigurationPlatforms) = postSolution
		{13E248A0-2CE9-435C-9A76-53EDD6C169C7}.Debug|Any CPU.ActiveCfg = Debug|Any CPU
		{13E248A0-2CE9-435C-9A76-53EDD6C169C7}.Debug|Any CPU.Build.0 = Debug|Any CPU
		{13E248A0-2CE9-435C-9A76-53EDD6C169C7}.Release|Any CPU.ActiveCfg = Release|Any CPU
		{13E248A0-2CE9-435C-9A76-53EDD6C169C7}.Release|Any CPU.Build.0 = Release|Any CPU
	EndGlobalSection
	GlobalSection(SolutionProperties) = preSolution
		HideSolutionNode = FALSE
	EndGlobalSection
	GlobalSection(ExtensibilityGlobals) = postSolution
		SolutionGuid = {B3C64D22-7CC8-4BA2-BA73-A12A95B68E92}
	EndGlobalSection
EndGlobal
